
Microsoft Visual Studio Solution File, Format Version 12.00
# Visual Studio Version 16
VisualStudioVersion = 16.0.31313.79
MinimumVisualStudioVersion = 10.0.40219.1
Project("{9A19103F-16F7-4668-BE54-9A1E7A4F7556}") = "CompanyEmployees", "CompanyEmployees\CompanyEmployees.csproj", "{87A4AC52-8DF4-473A-9E10-A1A53FF7BE69}"
EndProject
Project("{9A19103F-16F7-4668-BE54-9A1E7A4F7556}") = "Contracts", "Contracts\Contracts.csproj", "{C164A818-12BD-480D-94E9-06FA72E291FD}"
EndProject
Project("{9A19103F-16F7-4668-BE54-9A1E7A4F7556}") = "LoggerService", "LoggerService\LoggerService.csproj", "{B13DFA6E-B956-42BF-B1FB-4B861688C38D}"
EndProject
Project("{FAE04EC0-301F-11D3-BF4B-00C04F79EFBC}") = "Entities", "Entities\Entities.csproj", "{2EBF1A77-461D-45E2-9BE6-F18A6C31C8A2}"
EndProject
Project("{FAE04EC0-301F-11D3-BF4B-00C04F79EFBC}") = "Repository", "Repository\Repository.csproj", "{A65E8F56-2F92-4864-A44C-CE0900EFB44A}"
EndProject
Global
	GlobalSection(SolutionConfigurationPlatforms) = preSolution
		Debug|Any CPU = Debug|Any CPU
		Release|Any CPU = Release|Any CPU
	EndGlobalSection
	GlobalSection(ProjectConfigurationPlatforms) = postSolution
		{87A4AC52-8DF4-473A-9E10-A1A53FF7BE69}.Debug|Any CPU.ActiveCfg = Debug|Any CPU
		{87A4AC52-8DF4-473A-9E10-A1A53FF7BE69}.Debug|Any CPU.Build.0 = Debug|Any CPU
		{87A4AC52-8DF4-473A-9E10-A1A53FF7BE69}.Release|Any CPU.ActiveCfg = Release|Any CPU
		{87A4AC52-8DF4-473A-9E10-A1A53FF7BE69}.Release|Any CPU.Build.0 = Release|Any CPU
		{C164A818-12BD-480D-94E9-06FA72E291FD}.Debug|Any CPU.ActiveCfg = Debug|Any CPU
		{C164A818-12BD-480D-94E9-06FA72E291FD}.Debug|Any CPU.Build.0 = Debug|Any CPU
		{C164A818-12BD-480D-94E9-06FA72E291FD}.Release|Any CPU.ActiveCfg = Release|Any CPU
		{C164A818-12BD-480D-94E9-06FA72E291FD}.Release|Any CPU.Build.0 = Release|Any CPU
		{B13DFA6E-B956-42BF-B1FB-4B861688C38D}.Debug|Any CPU.ActiveCfg = Debug|Any CPU
		{B13DFA6E-B956-42BF-B1FB-4B861688C38D}.Debug|Any CPU.Build.0 = Debug|Any CPU
		{B13DFA6E-B956-42BF-B1FB-4B861688C38D}.Release|Any CPU.ActiveCfg = Release|Any CPU
		{B13DFA6E-B956-42BF-B1FB-4B861688C38D}.Release|Any CPU.Build.0 = Release|Any CPU
		{2EBF1A77-461D-45E2-9BE6-F18A6C31C8A2}.Debug|Any CPU.ActiveCfg = Debug|Any CPU
		{2EBF1A77-461D-45E2-9BE6-F18A6C31C8A2}.Debug|Any CPU.Build.0 = Debug|Any CPU
		{2EBF1A77-461D-45E2-9BE6-F18A6C31C8A2}.Release|Any CPU.ActiveCfg = Release|Any CPU
		{2EBF1A77-461D-45E2-9BE6-F18A6C31C8A2}.Release|Any CPU.Build.0 = Release|Any CPU
		{A65E8F56-2F92-4864-A44C-CE0900EFB44A}.Debug|Any CPU.ActiveCfg = Debug|Any CPU
		{A65E8F56-2F92-4864-A44C-CE0900EFB44A}.Debug|Any CPU.Build.0 = Debug|Any CPU
		{A65E8F56-2F92-4864-A44C-CE0900EFB44A}.Release|Any CPU.ActiveCfg = Release|Any CPU
		{A65E8F56-2F92-4864-A44C-CE0900EFB44A}.Release|Any CPU.Build.0 = Release|Any CPU
	EndGlobalSection
	GlobalSection(SolutionProperties) = preSolution
		HideSolutionNode = FALSE
	EndGlobalSection
	GlobalSection(ExtensibilityGlobals) = postSolution
		SolutionGuid = {913129B2-044F-4411-9D09-DED2F4A4BDCC}
	EndGlobalSection
EndGlobal
